// !$*UTF8*$!
{
	archiveVersion = 1;
	classes = {
	};
	objectVersion = 46;
	objects = {

/* Begin PBXBuildFile section */
		200F92A51520F4C200D3775A /* Foundation.framework in Frameworks */ = {isa = PBXBuildFile; fileRef = 20CE43DF15168647004EC80B /* Foundation.framework */; };
		200F92A81520F4C300D3775A /* main.m in Sources */ = {isa = PBXBuildFile; fileRef = 200F92A71520F4C300D3775A /* main.m */; };
		20EC63D71520F8C300A7C590 /* libbrayatan.a in Frameworks */ = {isa = PBXBuildFile; fileRef = 20EC638F1520F81C00A7C590 /* libbrayatan.a */; };
/* End PBXBuildFile section */

/* Begin PBXContainerItemProxy section */
		20EC638E1520F81C00A7C590 /* PBXContainerItemProxy */ = {
			isa = PBXContainerItemProxy;
			containerPortal = 20EC638A1520F81C00A7C590 /* brayatan.xcodeproj */;
			proxyType = 2;
			remoteGlobalIDString = 20EC63761520F81300A7C590;
			remoteInfo = brayatan;
		};
		20EC63D51520F8BF00A7C590 /* PBXContainerItemProxy */ = {
			isa = PBXContainerItemProxy;
			containerPortal = 20EC638A1520F81C00A7C590 /* brayatan.xcodeproj */;
			proxyType = 1;
			remoteGlobalIDString = 20EC63751520F81300A7C590;
			remoteInfo = brayatan;
		};
/* End PBXContainerItemProxy section */

/* Begin PBXCopyFilesBuildPhase section */
		200F92A11520F4C200D3775A /* CopyFiles */ = {
			isa = PBXCopyFilesBuildPhase;
			buildActionMask = 2147483647;
			dstPath = /usr/share/man/man1/;
			dstSubfolderSpec = 0;
			files = (
			);
			runOnlyForDeploymentPostprocessing = 1;
		};
/* End PBXCopyFilesBuildPhase section */

/* Begin PBXFileReference section */
		200F92A31520F4C200D3775A /* test01 */ = {isa = PBXFileReference; explicitFileType = "compiled.mach-o.executable"; includeInIndex = 0; path = test01; sourceTree = BUILT_PRODUCTS_DIR; };
		200F92A71520F4C300D3775A /* main.m */ = {isa = PBXFileReference; lastKnownFileType = sourcecode.c.objc; path = main.m; sourceTree = "<group>"; };
		200F92AA1520F4C300D3775A /* test01-Prefix.pch */ = {isa = PBXFileReference; lastKnownFileType = sourcecode.c.h; path = "test01-Prefix.pch"; sourceTree = "<group>"; };
		20CE43DF15168647004EC80B /* Foundation.framework */ = {isa = PBXFileReference; lastKnownFileType = wrapper.framework; name = Foundation.framework; path = System/Library/Frameworks/Foundation.framework; sourceTree = SDKROOT; };
		20EC638A1520F81C00A7C590 /* brayatan.xcodeproj */ = {isa = PBXFileReference; lastKnownFileType = "wrapper.pb-project"; name = brayatan.xcodeproj; path = brayatan/brayatan.xcodeproj; sourceTree = "<group>"; };
/* End PBXFileReference section */

/* Begin PBXFrameworksBuildPhase section */
		200F92A01520F4C200D3775A /* Frameworks */ = {
			isa = PBXFrameworksBuildPhase;
			buildActionMask = 2147483647;
			files = (
				20EC63D71520F8C300A7C590 /* libbrayatan.a in Frameworks */,
				200F92A51520F4C200D3775A /* Foundation.framework in Frameworks */,
			);
			runOnlyForDeploymentPostprocessing = 0;
		};
/* End PBXFrameworksBuildPhase section */

/* Begin PBXGroup section */
		200F92A61520F4C200D3775A /* test01 */ = {
			isa = PBXGroup;
			children = (
				200F92A71520F4C300D3775A /* main.m */,
				200F92A91520F4C300D3775A /* Supporting Files */,
			);
			path = test01;
			sourceTree = "<group>";
		};
		200F92A91520F4C300D3775A /* Supporting Files */ = {
			isa = PBXGroup;
			children = (
				200F92AA1520F4C300D3775A /* test01-Prefix.pch */,
			);
			name = "Supporting Files";
			sourceTree = "<group>";
		};
		20CE43D015168646004EC80B = {
			isa = PBXGroup;
			children = (
				20EC638A1520F81C00A7C590 /* brayatan.xcodeproj */,
				200F92A61520F4C200D3775A /* test01 */,
				20CE43DE15168647004EC80B /* Frameworks */,
				20CE43DC15168647004EC80B /* Products */,
			);
			sourceTree = "<group>";
		};
		20CE43DC15168647004EC80B /* Products */ = {
			isa = PBXGroup;
			children = (
				200F92A31520F4C200D3775A /* test01 */,
			);
			name = Products;
			sourceTree = "<group>";
		};
		20CE43DE15168647004EC80B /* Frameworks */ = {
			isa = PBXGroup;
			children = (
				20CE43DF15168647004EC80B /* Foundation.framework */,
			);
			name = Frameworks;
			sourceTree = "<group>";
		};
		20EC638B1520F81C00A7C590 /* Products */ = {
			isa = PBXGroup;
			children = (
				20EC638F1520F81C00A7C590 /* libbrayatan.a */,
			);
			name = Products;
			sourceTree = "<group>";
		};
/* End PBXGroup section */

/* Begin PBXNativeTarget section */
		200F92A21520F4C200D3775A /* test01 */ = {
			isa = PBXNativeTarget;
			buildConfigurationList = 200F92AD1520F4C300D3775A /* Build configuration list for PBXNativeTarget "test01" */;
			buildPhases = (
				200F929F1520F4C200D3775A /* Sources */,
				200F92A01520F4C200D3775A /* Frameworks */,
				200F92A11520F4C200D3775A /* CopyFiles */,
			);
			buildRules = (
			);
			dependencies = (
				20EC63D61520F8BF00A7C590 /* PBXTargetDependency */,
			);
			name = test01;
			productName = test01;
			productReference = 200F92A31520F4C200D3775A /* test01 */;
			productType = "com.apple.product-type.tool";
		};
/* End PBXNativeTarget section */

/* Begin PBXProject section */
		20CE43D215168646004EC80B /* Project object */ = {
			isa = PBXProject;
			attributes = {
				LastUpgradeCheck = 0430;
				ORGANIZATIONNAME = A0;
			};
			buildConfigurationList = 20CE43D515168646004EC80B /* Build configuration list for PBXProject "Brayatan" */;
			compatibilityVersion = "Xcode 3.2";
			developmentRegion = English;
			hasScannedForEncodings = 0;
			knownRegions = (
				en,
			);
			mainGroup = 20CE43D015168646004EC80B;
			productRefGroup = 20CE43DC15168647004EC80B /* Products */;
			projectDirPath = "";
			projectReferences = (
				{
					ProductGroup = 20EC638B1520F81C00A7C590 /* Products */;
					ProjectRef = 20EC638A1520F81C00A7C590 /* brayatan.xcodeproj */;
				},
			);
			projectRoot = "";
			targets = (
				200F92A21520F4C200D3775A /* test01 */,
			);
		};
/* End PBXProject section */

/* Begin PBXReferenceProxy section */
		20EC638F1520F81C00A7C590 /* libbrayatan.a */ = {
			isa = PBXReferenceProxy;
			fileType = archive.ar;
			path = libbrayatan.a;
			remoteRef = 20EC638E1520F81C00A7C590 /* PBXContainerItemProxy */;
			sourceTree = BUILT_PRODUCTS_DIR;
		};
/* End PBXReferenceProxy section */

/* Begin PBXSourcesBuildPhase section */
		200F929F1520F4C200D3775A /* Sources */ = {
			isa = PBXSourcesBuildPhase;
			buildActionMask = 2147483647;
			files = (
				200F92A81520F4C300D3775A /* main.m in Sources */,
			);
			runOnlyForDeploymentPostprocessing = 0;
		};
/* End PBXSourcesBuildPhase section */

/* Begin PBXTargetDependency section */
		20EC63D61520F8BF00A7C590 /* PBXTargetDependency */ = {
			isa = PBXTargetDependency;
			name = brayatan;
			targetProxy = 20EC63D51520F8BF00A7C590 /* PBXContainerItemProxy */;
		};
/* End PBXTargetDependency section */

/* Begin XCBuildConfiguration section */
		200F92AE1520F4C300D3775A /* Debug */ = {
			isa = XCBuildConfiguration;
			buildSettings = {
				GCC_PRECOMPILE_PREFIX_HEADER = YES;
				GCC_PREFIX_HEADER = "test01/test01-Prefix.pch";
				PRODUCT_NAME = "$(TARGET_NAME)";
			};
			name = Debug;
		};
		200F92AF1520F4C300D3775A /* Release */ = {
			isa = XCBuildConfiguration;
			buildSettings = {
				GCC_PRECOMPILE_PREFIX_HEADER = YES;
				GCC_PREFIX_HEADER = "test01/test01-Prefix.pch";
				PRODUCT_NAME = "$(TARGET_NAME)";
			};
			name = Release;
		};
		20CE43E815168647004EC80B /* Debug */ = {
			isa = XCBuildConfiguration;
			buildSettings = {
				ALWAYS_SEARCH_USER_PATHS = NO;
				ARCHS = "$(ARCHS_STANDARD_64_BIT)";
				CLANG_ENABLE_OBJC_ARC = YES;
				COPY_PHASE_STRIP = NO;
				GCC_C_LANGUAGE_STANDARD = gnu99;
				GCC_DYNAMIC_NO_PIC = NO;
				GCC_ENABLE_OBJC_EXCEPTIONS = YES;
				GCC_OPTIMIZATION_LEVEL = 0;
				GCC_PREPROCESSOR_DEFINITIONS = (
					"DEBUG=1",
					"$(inherited)",
				);
				GCC_SYMBOLS_PRIVATE_EXTERN = NO;
				GCC_VERSION = com.apple.compilers.llvm.clang.1_0;
				GCC_WARN_64_TO_32_BIT_CONVERSION = YES;
				GCC_WARN_ABOUT_RETURN_TYPE = YES;
				GCC_WARN_UNINITIALIZED_AUTOS = YES;
				GCC_WARN_UNUSED_VARIABLE = YES;
				MACOSX_DEPLOYMENT_TARGET = 10.7;
				ONLY_ACTIVE_ARCH = YES;
				SDKROOT = macosx;
				USER_HEADER_SEARCH_PATHS = "brayatan/** libuv/include/** http-parser/**";
			};
			name = Debug;
		};
		20CE43E915168647004EC80B /* Release */ = {
			isa = XCBuildConfiguration;
			buildSettings = {
				ALWAYS_SEARCH_USER_PATHS = NO;
				ARCHS = "$(ARCHS_STANDARD_64_BIT)";
				CLANG_ENABLE_OBJC_ARC = YES;
				COPY_PHASE_STRIP = YES;
				DEBUG_INFORMATION_FORMAT = "dwarf-with-dsym";
				GCC_C_LANGUAGE_STANDARD = gnu99;
				GCC_ENABLE_OBJC_EXCEPTIONS = YES;
				GCC_VERSION = com.apple.compilers.llvm.clang.1_0;
				GCC_WARN_64_TO_32_BIT_CONVERSION = YES;
				GCC_WARN_ABOUT_RETURN_TYPE = YES;
				GCC_WARN_UNINITIALIZED_AUTOS = YES;
				GCC_WARN_UNUSED_VARIABLE = YES;
				MACOSX_DEPLOYMENT_TARGET = 10.7;
				SDKROOT = macosx;
				USER_HEADER_SEARCH_PATHS = "brayatan/** libuv/include/** http-parser/**";
			};
			name = Release;
		};
/* End XCBuildConfiguration section */

/* Begin XCConfigurationList section */
		200F92AD1520F4C300D3775A /* Build configuration list for PBXNativeTarget "test01" */ = {
			isa = XCConfigurationList;
			buildConfigurations = (
				200F92AE1520F4C300D3775A /* Debug */,
				200F92AF1520F4C300D3775A /* Release */,
			);
			defaultConfigurationIsVisible = 0;
			defaultConfigurationName = Release;
		};
		20CE43D515168646004EC80B /* Build configuration list for PBXProject "Brayatan" */ = {
			isa = XCConfigurationList;
			buildConfigurations = (
				20CE43E815168647004EC80B /* Debug */,
				20CE43E915168647004EC80B /* Release */,
			);
			defaultConfigurationIsVisible = 0;
			defaultConfigurationName = Release;
		};
/* End XCConfigurationList section */
	};
	rootObject = 20CE43D215168646004EC80B /* Project object */;
}
